// !$*UTF8*$!
{
	archiveVersion = 1;
	classes = {
	};
	objectVersion = 46;
	objects = {

/* Begin PBXBuildFile section */
		0F0E448E1ABD917900251BB1 /* Photo.swift in Sources */ = {isa = PBXBuildFile; fileRef = 0F0E448D1ABD917900251BB1 /* Photo.swift */; };
		0F0F47F71AC17F56006FEFE4 /* libleveldb.a in Frameworks */ = {isa = PBXBuildFile; fileRef = 0F0F47F61AC17F56006FEFE4 /* libleveldb.a */; };
		0F791AFD1AB5E8590092B3A8 /* ImageBrowserController.swift in Sources */ = {isa = PBXBuildFile; fileRef = 0F791AFC1AB5E8590092B3A8 /* ImageBrowserController.swift */; };
		0F791AFF1AB5E8A80092B3A8 /* DirectoryPhotoCollection.swift in Sources */ = {isa = PBXBuildFile; fileRef = 0F791AFE1AB5E8A80092B3A8 /* DirectoryPhotoCollection.swift */; };
		0F96F2541AB8F24D00B2B18A /* foo.xib in Resources */ = {isa = PBXBuildFile; fileRef = 0F96F2531AB8F24D00B2B18A /* foo.xib */; };
		0FA6BB1E1ABD986E00D2177F /* LevelDB.swift in Sources */ = {isa = PBXBuildFile; fileRef = 0FA6BB1D1ABD986E00D2177F /* LevelDB.swift */; };
		0FABCDBE1ABDC46F0066CDBC /* ExifParser.swift in Sources */ = {isa = PBXBuildFile; fileRef = 0FABCDBD1ABDC46F0066CDBC /* ExifParser.swift */; };
		0FF580B31AB39FEF000A5348 /* AppDelegate.swift in Sources */ = {isa = PBXBuildFile; fileRef = 0FF580B21AB39FEF000A5348 /* AppDelegate.swift */; };
		0FF580B51AB39FEF000A5348 /* Images.xcassets in Resources */ = {isa = PBXBuildFile; fileRef = 0FF580B41AB39FEF000A5348 /* Images.xcassets */; };
		0FF580B81AB39FEF000A5348 /* MainMenu.xib in Resources */ = {isa = PBXBuildFile; fileRef = 0FF580B61AB39FEF000A5348 /* MainMenu.xib */; };
		0FF580C41AB39FEF000A5348 /* pictures2Tests.swift in Sources */ = {isa = PBXBuildFile; fileRef = 0FF580C31AB39FEF000A5348 /* pictures2Tests.swift */; };
/* End PBXBuildFile section */

/* Begin PBXContainerItemProxy section */
		0FF580BE1AB39FEF000A5348 /* PBXContainerItemProxy */ = {
			isa = PBXContainerItemProxy;
			containerPortal = 0FF580A51AB39FEF000A5348 /* Project object */;
			proxyType = 1;
			remoteGlobalIDString = 0FF580AC1AB39FEF000A5348;
			remoteInfo = pictures2;
		};
/* End PBXContainerItemProxy section */

/* Begin PBXFileReference section */
		0F0E448D1ABD917900251BB1 /* Photo.swift */ = {isa = PBXFileReference; fileEncoding = 4; lastKnownFileType = sourcecode.swift; path = Photo.swift; sourceTree = "<group>"; };
		0F0F47E81AC17F4C006FEFE4 /* c.h */ = {isa = PBXFileReference; fileEncoding = 4; lastKnownFileType = sourcecode.c.h; path = c.h; sourceTree = "<group>"; };
		0F0F47E91AC17F4C006FEFE4 /* cache.h */ = {isa = PBXFileReference; fileEncoding = 4; lastKnownFileType = sourcecode.c.h; path = cache.h; sourceTree = "<group>"; };
		0F0F47EA1AC17F4C006FEFE4 /* comparator.h */ = {isa = PBXFileReference; fileEncoding = 4; lastKnownFileType = sourcecode.c.h; path = comparator.h; sourceTree = "<group>"; };
		0F0F47EB1AC17F4C006FEFE4 /* db.h */ = {isa = PBXFileReference; fileEncoding = 4; lastKnownFileType = sourcecode.c.h; path = db.h; sourceTree = "<group>"; };
		0F0F47EC1AC17F4C006FEFE4 /* dumpfile.h */ = {isa = PBXFileReference; fileEncoding = 4; lastKnownFileType = sourcecode.c.h; path = dumpfile.h; sourceTree = "<group>"; };
		0F0F47ED1AC17F4C006FEFE4 /* env.h */ = {isa = PBXFileReference; fileEncoding = 4; lastKnownFileType = sourcecode.c.h; path = env.h; sourceTree = "<group>"; };
		0F0F47EE1AC17F4C006FEFE4 /* filter_policy.h */ = {isa = PBXFileReference; fileEncoding = 4; lastKnownFileType = sourcecode.c.h; path = filter_policy.h; sourceTree = "<group>"; };
		0F0F47EF1AC17F4C006FEFE4 /* iterator.h */ = {isa = PBXFileReference; fileEncoding = 4; lastKnownFileType = sourcecode.c.h; path = iterator.h; sourceTree = "<group>"; };
		0F0F47F01AC17F4C006FEFE4 /* options.h */ = {isa = PBXFileReference; fileEncoding = 4; lastKnownFileType = sourcecode.c.h; path = options.h; sourceTree = "<group>"; };
		0F0F47F11AC17F4C006FEFE4 /* slice.h */ = {isa = PBXFileReference; fileEncoding = 4; lastKnownFileType = sourcecode.c.h; path = slice.h; sourceTree = "<group>"; };
		0F0F47F21AC17F4C006FEFE4 /* status.h */ = {isa = PBXFileReference; fileEncoding = 4; lastKnownFileType = sourcecode.c.h; path = status.h; sourceTree = "<group>"; };
		0F0F47F31AC17F4C006FEFE4 /* table.h */ = {isa = PBXFileReference; fileEncoding = 4; lastKnownFileType = sourcecode.c.h; path = table.h; sourceTree = "<group>"; };
		0F0F47F41AC17F4C006FEFE4 /* table_builder.h */ = {isa = PBXFileReference; fileEncoding = 4; lastKnownFileType = sourcecode.c.h; path = table_builder.h; sourceTree = "<group>"; };
		0F0F47F51AC17F4C006FEFE4 /* write_batch.h */ = {isa = PBXFileReference; fileEncoding = 4; lastKnownFileType = sourcecode.c.h; path = write_batch.h; sourceTree = "<group>"; };
		0F0F47F61AC17F56006FEFE4 /* libleveldb.a */ = {isa = PBXFileReference; lastKnownFileType = archive.ar; path = libleveldb.a; sourceTree = "<group>"; };
		0F0F47F81AC1803E006FEFE4 /* pictures2-Bridging-Header.h */ = {isa = PBXFileReference; lastKnownFileType = sourcecode.c.h; path = "pictures2-Bridging-Header.h"; sourceTree = "<group>"; };
		0F791AFC1AB5E8590092B3A8 /* ImageBrowserController.swift */ = {isa = PBXFileReference; fileEncoding = 4; lastKnownFileType = sourcecode.swift; path = ImageBrowserController.swift; sourceTree = "<group>"; };
		0F791AFE1AB5E8A80092B3A8 /* DirectoryPhotoCollection.swift */ = {isa = PBXFileReference; fileEncoding = 4; lastKnownFileType = sourcecode.swift; path = DirectoryPhotoCollection.swift; sourceTree = "<group>"; };
		0F96F2531AB8F24D00B2B18A /* foo.xib */ = {isa = PBXFileReference; fileEncoding = 4; lastKnownFileType = file.xib; path = foo.xib; sourceTree = "<group>"; };
		0FA6BB1D1ABD986E00D2177F /* LevelDB.swift */ = {isa = PBXFileReference; fileEncoding = 4; lastKnownFileType = sourcecode.swift; path = LevelDB.swift; sourceTree = "<group>"; };
		0FABCDBD1ABDC46F0066CDBC /* ExifParser.swift */ = {isa = PBXFileReference; fileEncoding = 4; lastKnownFileType = sourcecode.swift; path = ExifParser.swift; sourceTree = "<group>"; };
		0FF580AD1AB39FEF000A5348 /* pictures2.app */ = {isa = PBXFileReference; explicitFileType = wrapper.application; includeInIndex = 0; path = pictures2.app; sourceTree = BUILT_PRODUCTS_DIR; };
		0FF580B11AB39FEF000A5348 /* Info.plist */ = {isa = PBXFileReference; lastKnownFileType = text.plist.xml; path = Info.plist; sourceTree = "<group>"; };
		0FF580B21AB39FEF000A5348 /* AppDelegate.swift */ = {isa = PBXFileReference; lastKnownFileType = sourcecode.swift; path = AppDelegate.swift; sourceTree = "<group>"; };
		0FF580B41AB39FEF000A5348 /* Images.xcassets */ = {isa = PBXFileReference; lastKnownFileType = folder.assetcatalog; path = Images.xcassets; sourceTree = "<group>"; };
		0FF580B71AB39FEF000A5348 /* Base */ = {isa = PBXFileReference; lastKnownFileType = file.xib; name = Base; path = Base.lproj/MainMenu.xib; sourceTree = "<group>"; };
		0FF580BD1AB39FEF000A5348 /* pictures2Tests.xctest */ = {isa = PBXFileReference; explicitFileType = wrapper.cfbundle; includeInIndex = 0; path = pictures2Tests.xctest; sourceTree = BUILT_PRODUCTS_DIR; };
		0FF580C21AB39FEF000A5348 /* Info.plist */ = {isa = PBXFileReference; lastKnownFileType = text.plist.xml; path = Info.plist; sourceTree = "<group>"; };
		0FF580C31AB39FEF000A5348 /* pictures2Tests.swift */ = {isa = PBXFileReference; lastKnownFileType = sourcecode.swift; path = pictures2Tests.swift; sourceTree = "<group>"; };
/* End PBXFileReference section */

/* Begin PBXFrameworksBuildPhase section */
		0FF580AA1AB39FEF000A5348 /* Frameworks */ = {
			isa = PBXFrameworksBuildPhase;
			buildActionMask = 2147483647;
			files = (
				0F0F47F71AC17F56006FEFE4 /* libleveldb.a in Frameworks */,
			);
			runOnlyForDeploymentPostprocessing = 0;
		};
		0FF580BA1AB39FEF000A5348 /* Frameworks */ = {
			isa = PBXFrameworksBuildPhase;
			buildActionMask = 2147483647;
			files = (
			);
			runOnlyForDeploymentPostprocessing = 0;
		};
/* End PBXFrameworksBuildPhase section */

/* Begin PBXGroup section */
		0F0F47E71AC17F4C006FEFE4 /* leveldb */ = {
			isa = PBXGroup;
			children = (
				0F0F47E81AC17F4C006FEFE4 /* c.h */,
				0F0F47E91AC17F4C006FEFE4 /* cache.h */,
				0F0F47EA1AC17F4C006FEFE4 /* comparator.h */,
				0F0F47EB1AC17F4C006FEFE4 /* db.h */,
				0F0F47EC1AC17F4C006FEFE4 /* dumpfile.h */,
				0F0F47ED1AC17F4C006FEFE4 /* env.h */,
				0F0F47EE1AC17F4C006FEFE4 /* filter_policy.h */,
				0F0F47EF1AC17F4C006FEFE4 /* iterator.h */,
				0F0F47F01AC17F4C006FEFE4 /* options.h */,
				0F0F47F11AC17F4C006FEFE4 /* slice.h */,
				0F0F47F21AC17F4C006FEFE4 /* status.h */,
				0F0F47F31AC17F4C006FEFE4 /* table.h */,
				0F0F47F41AC17F4C006FEFE4 /* table_builder.h */,
				0F0F47F51AC17F4C006FEFE4 /* write_batch.h */,
			);
			path = leveldb;
			sourceTree = "<group>";
		};
		0FF580A41AB39FEF000A5348 = {
			isa = PBXGroup;
			children = (
				0FABCDBD1ABDC46F0066CDBC /* ExifParser.swift */,
				0FA6BB1D1ABD986E00D2177F /* LevelDB.swift */,
				0F96F2531AB8F24D00B2B18A /* foo.xib */,
				0F791AFE1AB5E8A80092B3A8 /* DirectoryPhotoCollection.swift */,
				0F0E448D1ABD917900251BB1 /* Photo.swift */,
				0F791AFC1AB5E8590092B3A8 /* ImageBrowserController.swift */,
				0FF580AF1AB39FEF000A5348 /* pictures2 */,
				0FF580C01AB39FEF000A5348 /* pictures2Tests */,
				0FF580AE1AB39FEF000A5348 /* Products */,
			);
			sourceTree = "<group>";
		};
		0FF580AE1AB39FEF000A5348 /* Products */ = {
			isa = PBXGroup;
			children = (
				0FF580AD1AB39FEF000A5348 /* pictures2.app */,
				0FF580BD1AB39FEF000A5348 /* pictures2Tests.xctest */,
			);
			name = Products;
			sourceTree = "<group>";
		};
		0FF580AF1AB39FEF000A5348 /* pictures2 */ = {
			isa = PBXGroup;
			children = (
				0FF580B21AB39FEF000A5348 /* AppDelegate.swift */,
				0FF580B41AB39FEF000A5348 /* Images.xcassets */,
				0FF580B61AB39FEF000A5348 /* MainMenu.xib */,
				0FF580B01AB39FEF000A5348 /* Supporting Files */,
				0F0F47F81AC1803E006FEFE4 /* pictures2-Bridging-Header.h */,
			);
			path = pictures2;
			sourceTree = "<group>";
		};
		0FF580B01AB39FEF000A5348 /* Supporting Files */ = {
			isa = PBXGroup;
			children = (
				0F0F47F61AC17F56006FEFE4 /* libleveldb.a */,
				0F0F47E71AC17F4C006FEFE4 /* leveldb */,
				0FF580B11AB39FEF000A5348 /* Info.plist */,
			);
			name = "Supporting Files";
			sourceTree = "<group>";
		};
		0FF580C01AB39FEF000A5348 /* pictures2Tests */ = {
			isa = PBXGroup;
			children = (
				0FF580C31AB39FEF000A5348 /* pictures2Tests.swift */,
				0FF580C11AB39FEF000A5348 /* Supporting Files */,
			);
			path = pictures2Tests;
			sourceTree = "<group>";
		};
		0FF580C11AB39FEF000A5348 /* Supporting Files */ = {
			isa = PBXGroup;
			children = (
				0FF580C21AB39FEF000A5348 /* Info.plist */,
			);
			name = "Supporting Files";
			sourceTree = "<group>";
		};
/* End PBXGroup section */

/* Begin PBXNativeTarget section */
		0FF580AC1AB39FEF000A5348 /* pictures2 */ = {
			isa = PBXNativeTarget;
			buildConfigurationList = 0FF580C71AB39FEF000A5348 /* Build configuration list for PBXNativeTarget "pictures2" */;
			buildPhases = (
				0FF580A91AB39FEF000A5348 /* Sources */,
				0FF580AA1AB39FEF000A5348 /* Frameworks */,
				0FF580AB1AB39FEF000A5348 /* Resources */,
			);
			buildRules = (
			);
			dependencies = (
			);
			name = pictures2;
			productName = pictures2;
			productReference = 0FF580AD1AB39FEF000A5348 /* pictures2.app */;
			productType = "com.apple.product-type.application";
		};
		0FF580BC1AB39FEF000A5348 /* pictures2Tests */ = {
			isa = PBXNativeTarget;
			buildConfigurationList = 0FF580CA1AB39FEF000A5348 /* Build configuration list for PBXNativeTarget "pictures2Tests" */;
			buildPhases = (
				0FF580B91AB39FEF000A5348 /* Sources */,
				0FF580BA1AB39FEF000A5348 /* Frameworks */,
				0FF580BB1AB39FEF000A5348 /* Resources */,
			);
			buildRules = (
			);
			dependencies = (
				0FF580BF1AB39FEF000A5348 /* PBXTargetDependency */,
			);
			name = pictures2Tests;
			productName = pictures2Tests;
			productReference = 0FF580BD1AB39FEF000A5348 /* pictures2Tests.xctest */;
			productType = "com.apple.product-type.bundle.unit-test";
		};
/* End PBXNativeTarget section */

/* Begin PBXProject section */
		0FF580A51AB39FEF000A5348 /* Project object */ = {
			isa = PBXProject;
			attributes = {
				LastUpgradeCheck = 0620;
				ORGANIZATIONNAME = "Bruno Windels";
				TargetAttributes = {
					0FF580AC1AB39FEF000A5348 = {
						CreatedOnToolsVersion = 6.2;
					};
					0FF580BC1AB39FEF000A5348 = {
						CreatedOnToolsVersion = 6.2;
						TestTargetID = 0FF580AC1AB39FEF000A5348;
					};
				};
			};
			buildConfigurationList = 0FF580A81AB39FEF000A5348 /* Build configuration list for PBXProject "pictures2" */;
			compatibilityVersion = "Xcode 3.2";
			developmentRegion = English;
			hasScannedForEncodings = 0;
			knownRegions = (
				en,
				Base,
			);
			mainGroup = 0FF580A41AB39FEF000A5348;
			productRefGroup = 0FF580AE1AB39FEF000A5348 /* Products */;
			projectDirPath = "";
			projectRoot = "";
			targets = (
				0FF580AC1AB39FEF000A5348 /* pictures2 */,
				0FF580BC1AB39FEF000A5348 /* pictures2Tests */,
			);
		};
/* End PBXProject section */

/* Begin PBXResourcesBuildPhase section */
		0FF580AB1AB39FEF000A5348 /* Resources */ = {
			isa = PBXResourcesBuildPhase;
			buildActionMask = 2147483647;
			files = (
				0F96F2541AB8F24D00B2B18A /* foo.xib in Resources */,
				0FF580B51AB39FEF000A5348 /* Images.xcassets in Resources */,
				0FF580B81AB39FEF000A5348 /* MainMenu.xib in Resources */,
			);
			runOnlyForDeploymentPostprocessing = 0;
		};
		0FF580BB1AB39FEF000A5348 /* Resources */ = {
			isa = PBXResourcesBuildPhase;
			buildActionMask = 2147483647;
			files = (
			);
			runOnlyForDeploymentPostprocessing = 0;
		};
/* End PBXResourcesBuildPhase section */

/* Begin PBXSourcesBuildPhase section */
		0FF580A91AB39FEF000A5348 /* Sources */ = {
			isa = PBXSourcesBuildPhase;
			buildActionMask = 2147483647;
			files = (
				0FABCDBE1ABDC46F0066CDBC /* ExifParser.swift in Sources */,
				0F0E448E1ABD917900251BB1 /* Photo.swift in Sources */,
				0F791AFD1AB5E8590092B3A8 /* ImageBrowserController.swift in Sources */,
				0F791AFF1AB5E8A80092B3A8 /* DirectoryPhotoCollection.swift in Sources */,
				0FF580B31AB39FEF000A5348 /* AppDelegate.swift in Sources */,
				0FA6BB1E1ABD986E00D2177F /* LevelDB.swift in Sources */,
			);
			runOnlyForDeploymentPostprocessing = 0;
		};
		0FF580B91AB39FEF000A5348 /* Sources */ = {
			isa = PBXSourcesBuildPhase;
			buildActionMask = 2147483647;
			files = (
				0FF580C41AB39FEF000A5348 /* pictures2Tests.swift in Sources */,
			);
			runOnlyForDeploymentPostprocessing = 0;
		};
/* End PBXSourcesBuildPhase section */

/* Begin PBXTargetDependency section */
		0FF580BF1AB39FEF000A5348 /* PBXTargetDependency */ = {
			isa = PBXTargetDependency;
			target = 0FF580AC1AB39FEF000A5348 /* pictures2 */;
			targetProxy = 0FF580BE1AB39FEF000A5348 /* PBXContainerItemProxy */;
		};
/* End PBXTargetDependency section */

/* Begin PBXVariantGroup section */
		0FF580B61AB39FEF000A5348 /* MainMenu.xib */ = {
			isa = PBXVariantGroup;
			children = (
				0FF580B71AB39FEF000A5348 /* Base */,
			);
			name = MainMenu.xib;
			sourceTree = "<group>";
		};
/* End PBXVariantGroup section */

/* Begin XCBuildConfiguration section */
		0FF580C51AB39FEF000A5348 /* Debug */ = {
			isa = XCBuildConfiguration;
			buildSettings = {
				ALWAYS_SEARCH_USER_PATHS = NO;
				CLANG_CXX_LANGUAGE_STANDARD = "gnu++0x";
				CLANG_CXX_LIBRARY = "libc++";
				CLANG_ENABLE_MODULES = YES;
				CLANG_ENABLE_OBJC_ARC = YES;
				CLANG_WARN_BOOL_CONVERSION = YES;
				CLANG_WARN_CONSTANT_CONVERSION = YES;
				CLANG_WARN_DIRECT_OBJC_ISA_USAGE = YES_ERROR;
				CLANG_WARN_EMPTY_BODY = YES;
				CLANG_WARN_ENUM_CONVERSION = YES;
				CLANG_WARN_INT_CONVERSION = YES;
				CLANG_WARN_OBJC_ROOT_CLASS = YES_ERROR;
				CLANG_WARN_UNREACHABLE_CODE = YES;
				CLANG_WARN__DUPLICATE_METHOD_MATCH = YES;
				CODE_SIGN_IDENTITY = "-";
				COPY_PHASE_STRIP = NO;
				ENABLE_STRICT_OBJC_MSGSEND = YES;
				GCC_C_LANGUAGE_STANDARD = gnu99;
				GCC_DYNAMIC_NO_PIC = NO;
				GCC_OPTIMIZATION_LEVEL = 0;
				GCC_PREPROCESSOR_DEFINITIONS = (
					"DEBUG=1",
					"$(inherited)",
				);
				GCC_SYMBOLS_PRIVATE_EXTERN = NO;
				GCC_WARN_64_TO_32_BIT_CONVERSION = YES;
				GCC_WARN_ABOUT_RETURN_TYPE = YES_ERROR;
				GCC_WARN_UNDECLARED_SELECTOR = YES;
				GCC_WARN_UNINITIALIZED_AUTOS = YES_AGGRESSIVE;
				GCC_WARN_UNUSED_FUNCTION = YES;
				GCC_WARN_UNUSED_VARIABLE = YES;
				MACOSX_DEPLOYMENT_TARGET = 10.9;
				MTL_ENABLE_DEBUG_INFO = YES;
				ONLY_ACTIVE_ARCH = YES;
				SDKROOT = macosx10.10;
				SWIFT_OPTIMIZATION_LEVEL = "-Onone";
			};
			name = Debug;
		};
		0FF580C61AB39FEF000A5348 /* Release */ = {
			isa = XCBuildConfiguration;
			buildSettings = {
				ALWAYS_SEARCH_USER_PATHS = NO;
				CLANG_CXX_LANGUAGE_STANDARD = "gnu++0x";
				CLANG_CXX_LIBRARY = "libc++";
				CLANG_ENABLE_MODULES = YES;
				CLANG_ENABLE_OBJC_ARC = YES;
				CLANG_WARN_BOOL_CONVERSION = YES;
				CLANG_WARN_CONSTANT_CONVERSION = YES;
				CLANG_WARN_DIRECT_OBJC_ISA_USAGE = YES_ERROR;
				CLANG_WARN_EMPTY_BODY = YES;
				CLANG_WARN_ENUM_CONVERSION = YES;
				CLANG_WARN_INT_CONVERSION = YES;
				CLANG_WARN_OBJC_ROOT_CLASS = YES_ERROR;
				CLANG_WARN_UNREACHABLE_CODE = YES;
				CLANG_WARN__DUPLICATE_METHOD_MATCH = YES;
				CODE_SIGN_IDENTITY = "-";
				COPY_PHASE_STRIP = NO;
				DEBUG_INFORMATION_FORMAT = "dwarf-with-dsym";
				ENABLE_NS_ASSERTIONS = NO;
				ENABLE_STRICT_OBJC_MSGSEND = YES;
				GCC_C_LANGUAGE_STANDARD = gnu99;
				GCC_WARN_64_TO_32_BIT_CONVERSION = YES;
				GCC_WARN_ABOUT_RETURN_TYPE = YES_ERROR;
				GCC_WARN_UNDECLARED_SELECTOR = YES;
				GCC_WARN_UNINITIALIZED_AUTOS = YES_AGGRESSIVE;
				GCC_WARN_UNUSED_FUNCTION = YES;
				GCC_WARN_UNUSED_VARIABLE = YES;
				MACOSX_DEPLOYMENT_TARGET = 10.9;
				MTL_ENABLE_DEBUG_INFO = NO;
				SDKROOT = macosx10.10;
			};
			name = Release;
		};
		0FF580C81AB39FEF000A5348 /* Debug */ = {
			isa = XCBuildConfiguration;
			buildSettings = {
				ASSETCATALOG_COMPILER_APPICON_NAME = AppIcon;
				CLANG_ENABLE_MODULES = YES;
				COMBINE_HIDPI_IMAGES = YES;
				HEADER_SEARCH_PATHS = (
					"$(inherited)",
					/Applications/Xcode.app/Contents/Developer/Toolchains/XcodeDefault.xctoolchain/usr/include,
					leveldb/include/,
				);
				INFOPLIST_FILE = pictures2/Info.plist;
				LD_RUNPATH_SEARCH_PATHS = "$(inherited) @executable_path/../Frameworks";
				LIBRARY_SEARCH_PATHS = (
					"$(inherited)",
					"$(PROJECT_DIR)/leveldb",
					"$(PROJECT_DIR)/pictures2",
				);
				MACOSX_DEPLOYMENT_TARGET = 10.9;
				PRODUCT_NAME = "$(TARGET_NAME)";
				SWIFT_OBJC_BRIDGING_HEADER = "pictures2/pictures2-Bridging-Header.h";
				SWIFT_OPTIMIZATION_LEVEL = "-Onone";
			};
			name = Debug;
		};
		0FF580C91AB39FEF000A5348 /* Release */ = {
			isa = XCBuildConfiguration;
			buildSettings = {
				ASSETCATALOG_COMPILER_APPICON_NAME = AppIcon;
				CLANG_ENABLE_MODULES = YES;
				COMBINE_HIDPI_IMAGES = YES;
				HEADER_SEARCH_PATHS = (
					"$(inherited)",
					/Applications/Xcode.app/Contents/Developer/Toolchains/XcodeDefault.xctoolchain/usr/include,
					leveldb/include/,
				);
				INFOPLIST_FILE = pictures2/Info.plist;
				LD_RUNPATH_SEARCH_PATHS = "$(inherited) @executable_path/../Frameworks";
				LIBRARY_SEARCH_PATHS = (
					"$(inherited)",
					"$(PROJECT_DIR)/leveldb",
					"$(PROJECT_DIR)/pictures2",
				);
				MACOSX_DEPLOYMENT_TARGET = 10.9;
				PRODUCT_NAME = "$(TARGET_NAME)";
				SWIFT_OBJC_BRIDGING_HEADER = "pictures2/pictures2-Bridging-Header.h";
			};
			name = Release;
		};
		0FF580CB1AB39FEF000A5348 /* Debug */ = {
			isa = XCBuildConfiguration;
			buildSettings = {
				BUNDLE_LOADER = "$(TEST_HOST)";
				COMBINE_HIDPI_IMAGES = YES;
				FRAMEWORK_SEARCH_PATHS = (
					"$(DEVELOPER_FRAMEWORKS_DIR)",
					"$(inherited)",
				);
				GCC_PREPROCESSOR_DEFINITIONS = (
					"DEBUG=1",
					"$(inherited)",
				);
				INFOPLIST_FILE = pictures2Tests/Info.plist;
				LD_RUNPATH_SEARCH_PATHS = "$(inherited) @executable_path/../Frameworks @loader_path/../Frameworks";
				PRODUCT_NAME = "$(TARGET_NAME)";
				TEST_HOST = "$(BUILT_PRODUCTS_DIR)/pictures2.app/Contents/MacOS/pictures2";
			};
			name = Debug;
		};
		0FF580CC1AB39FEF000A5348 /* Release */ = {
			isa = XCBuildConfiguration;
			buildSettings = {
				BUNDLE_LOADER = "$(TEST_HOST)";
				COMBINE_HIDPI_IMAGES = YES;
				FRAMEWORK_SEARCH_PATHS = (
					"$(DEVELOPER_FRAMEWORKS_DIR)",
					"$(inherited)",
				);
				INFOPLIST_FILE = pictures2Tests/Info.plist;
				LD_RUNPATH_SEARCH_PATHS = "$(inherited) @executable_path/../Frameworks @loader_path/../Frameworks";
				PRODUCT_NAME = "$(TARGET_NAME)";
				TEST_HOST = "$(BUILT_PRODUCTS_DIR)/pictures2.app/Contents/MacOS/pictures2";
			};
			name = Release;
		};
/* End XCBuildConfiguration section */

/* Begin XCConfigurationList section */
		0FF580A81AB39FEF000A5348 /* Build configuration list for PBXProject "pictures2" */ = {
			isa = XCConfigurationList;
			buildConfigurations = (
				0FF580C51AB39FEF000A5348 /* Debug */,
				0FF580C61AB39FEF000A5348 /* Release */,
			);
			defaultConfigurationIsVisible = 0;
			defaultConfigurationName = Release;
		};
		0FF580C71AB39FEF000A5348 /* Build configuration list for PBXNativeTarget "pictures2" */ = {
			isa = XCConfigurationList;
			buildConfigurations = (
				0FF580C81AB39FEF000A5348 /* Debug */,
				0FF580C91AB39FEF000A5348 /* Release */,
			);
			defaultConfigurationIsVisible = 0;
			defaultConfigurationName = Release;
		};
		0FF580CA1AB39FEF000A5348 /* Build configuration list for PBXNativeTarget "pictures2Tests" */ = {
			isa = XCConfigurationList;
			buildConfigurations = (
				0FF580CB1AB39FEF000A5348 /* Debug */,
				0FF580CC1AB39FEF000A5348 /* Release */,
			);
			defaultConfigurationIsVisible = 0;
			defaultConfigurationName = Release;
		};
/* End XCConfigurationList section */
	};
	rootObject = 0FF580A51AB39FEF000A5348 /* Project object */;
}
